// !$*UTF8*$!
{
	archiveVersion = 1;
	classes = {
	};
	objectVersion = 56;
	objects = {

/* Begin PBXBuildFile section */
		95168A04292D648D00008F1B /* AppDelegate.swift in Sources */ = {isa = PBXBuildFile; fileRef = 95168A03292D648D00008F1B /* AppDelegate.swift */; };
		95168A06292D648D00008F1B /* SceneDelegate.swift in Sources */ = {isa = PBXBuildFile; fileRef = 95168A05292D648D00008F1B /* SceneDelegate.swift */; };
		95168A08292D648D00008F1B /* ReminderListViewController.swift in Sources */ = {isa = PBXBuildFile; fileRef = 95168A07292D648D00008F1B /* ReminderListViewController.swift */; };
		95168A0B292D648D00008F1B /* Main.storyboard in Resources */ = {isa = PBXBuildFile; fileRef = 95168A09292D648D00008F1B /* Main.storyboard */; };
		95168A0D292D648F00008F1B /* Assets.xcassets in Resources */ = {isa = PBXBuildFile; fileRef = 95168A0C292D648F00008F1B /* Assets.xcassets */; };
		95168A10292D648F00008F1B /* LaunchScreen.storyboard in Resources */ = {isa = PBXBuildFile; fileRef = 95168A0E292D648F00008F1B /* LaunchScreen.storyboard */; };
		95168A1A292D668E00008F1B /* Reminder.swift in Sources */ = {isa = PBXBuildFile; fileRef = 95168A19292D668E00008F1B /* Reminder.swift */; };
		9546114E295EE31600CCF534 /* ReminderViewController+CellConfiguration.swift in Sources */ = {isa = PBXBuildFile; fileRef = 9546114D295EE31600CCF534 /* ReminderViewController+CellConfiguration.swift */; };
		95461151295EE68600CCF534 /* DatePickerContentView.swift in Sources */ = {isa = PBXBuildFile; fileRef = 95461150295EE68600CCF534 /* DatePickerContentView.swift */; };
		95461153295EE76400CCF534 /* UIView+PinnedSubview.swift in Sources */ = {isa = PBXBuildFile; fileRef = 95461152295EE76400CCF534 /* UIView+PinnedSubview.swift */; };
		95461155295EF93D00CCF534 /* TextFieldContentView.swift in Sources */ = {isa = PBXBuildFile; fileRef = 95461154295EF93D00CCF534 /* TextFieldContentView.swift */; };
		95461157295EF9BB00CCF534 /* UIContentConfiguration+Stateless.swift in Sources */ = {isa = PBXBuildFile; fileRef = 95461156295EF9BB00CCF534 /* UIContentConfiguration+Stateless.swift */; };
		95461159295EFC1400CCF534 /* TextViewContentView.swift in Sources */ = {isa = PBXBuildFile; fileRef = 95461158295EFC1400CCF534 /* TextViewContentView.swift */; };
		9546115E295F173300CCF534 /* Localizable.strings in Resources */ = {isa = PBXBuildFile; fileRef = 95461160295F173300CCF534 /* Localizable.strings */; };
		9569A9ED2937C23E003CC009 /* Date+Today.swift in Sources */ = {isa = PBXBuildFile; fileRef = 9569A9EC2937C23E003CC009 /* Date+Today.swift */; };
		9569A9F02937C9E3003CC009 /* ReminderListViewController+DataSource.swift in Sources */ = {isa = PBXBuildFile; fileRef = 9569A9EF2937C9E3003CC009 /* ReminderListViewController+DataSource.swift */; };
		9573B491293FCCE900894821 /* ReminderDoneButton.swift in Sources */ = {isa = PBXBuildFile; fileRef = 9573B490293FCCE900894821 /* ReminderDoneButton.swift */; };
		9573B493293FCDA200894821 /* ReminderListViewController+Actions.swift in Sources */ = {isa = PBXBuildFile; fileRef = 9573B492293FCDA200894821 /* ReminderListViewController+Actions.swift */; };
		95A914132947A6E300AA7FE1 /* UIColor+Today.swift in Sources */ = {isa = PBXBuildFile; fileRef = 95A914122947A6E300AA7FE1 /* UIColor+Today.swift */; };
		95A914162947A74D00AA7FE1 /* ReminderViewController.swift in Sources */ = {isa = PBXBuildFile; fileRef = 95A914152947A74D00AA7FE1 /* ReminderViewController.swift */; };
		95A914182947A79900AA7FE1 /* ReminderViewController+Row.swift in Sources */ = {isa = PBXBuildFile; fileRef = 95A914172947A79900AA7FE1 /* ReminderViewController+Row.swift */; };
		95B64D90298C065800832C39 /* ReminderListStyle.swift in Sources */ = {isa = PBXBuildFile; fileRef = 95B64D8F298C065800832C39 /* ReminderListStyle.swift */; };
		95B64D92299170AB00832C39 /* ProgressHeaderView.swift in Sources */ = {isa = PBXBuildFile; fileRef = 95B64D91299170AB00832C39 /* ProgressHeaderView.swift */; };
		95B64D942992D86500832C39 /* CAGradientLayer+ListStyle.swift in Sources */ = {isa = PBXBuildFile; fileRef = 95B64D932992D86500832C39 /* CAGradientLayer+ListStyle.swift */; };
		95B64D962992DFCA00832C39 /* TodayError.swift in Sources */ = {isa = PBXBuildFile; fileRef = 95B64D952992DFCA00832C39 /* TodayError.swift */; };
		95B64D982992E06400832C39 /* EKEventStore+AsyncFetch.swift in Sources */ = {isa = PBXBuildFile; fileRef = 95B64D972992E06400832C39 /* EKEventStore+AsyncFetch.swift */; };
		95B64D9A299533AD00832C39 /* Reminder+EKReminder.swift in Sources */ = {isa = PBXBuildFile; fileRef = 95B64D99299533AD00832C39 /* Reminder+EKReminder.swift */; };
		95B64D9C2995355E00832C39 /* ReminderStore.swift in Sources */ = {isa = PBXBuildFile; fileRef = 95B64D9B2995355E00832C39 /* ReminderStore.swift */; };
		95BE1A65294F092B001EA47C /* ReminderViewController+Section.swift in Sources */ = {isa = PBXBuildFile; fileRef = 95BE1A64294F092B001EA47C /* ReminderViewController+Section.swift */; };
/* End PBXBuildFile section */

/* Begin PBXFileReference section */
		95168A00292D648D00008F1B /* TodayTestAppUIKit.app */ = {isa = PBXFileReference; explicitFileType = wrapper.application; includeInIndex = 0; path = TodayTestAppUIKit.app; sourceTree = BUILT_PRODUCTS_DIR; };
		95168A03292D648D00008F1B /* AppDelegate.swift */ = {isa = PBXFileReference; lastKnownFileType = sourcecode.swift; path = AppDelegate.swift; sourceTree = "<group>"; };
		95168A05292D648D00008F1B /* SceneDelegate.swift */ = {isa = PBXFileReference; lastKnownFileType = sourcecode.swift; path = SceneDelegate.swift; sourceTree = "<group>"; };
		95168A07292D648D00008F1B /* ReminderListViewController.swift */ = {isa = PBXFileReference; lastKnownFileType = sourcecode.swift; path = ReminderListViewController.swift; sourceTree = "<group>"; };
		95168A0A292D648D00008F1B /* Base */ = {isa = PBXFileReference; lastKnownFileType = file.storyboard; name = Base; path = Base.lproj/Main.storyboard; sourceTree = "<group>"; };
		95168A0C292D648F00008F1B /* Assets.xcassets */ = {isa = PBXFileReference; lastKnownFileType = folder.assetcatalog; path = Assets.xcassets; sourceTree = "<group>"; };
		95168A0F292D648F00008F1B /* Base */ = {isa = PBXFileReference; lastKnownFileType = file.storyboard; name = Base; path = Base.lproj/LaunchScreen.storyboard; sourceTree = "<group>"; };
		95168A11292D648F00008F1B /* Info.plist */ = {isa = PBXFileReference; lastKnownFileType = text.plist.xml; path = Info.plist; sourceTree = "<group>"; };
		95168A19292D668E00008F1B /* Reminder.swift */ = {isa = PBXFileReference; lastKnownFileType = sourcecode.swift; path = Reminder.swift; sourceTree = "<group>"; };
		9546114D295EE31600CCF534 /* ReminderViewController+CellConfiguration.swift */ = {isa = PBXFileReference; lastKnownFileType = sourcecode.swift; path = "ReminderViewController+CellConfiguration.swift"; sourceTree = "<group>"; };
		95461150295EE68600CCF534 /* DatePickerContentView.swift */ = {isa = PBXFileReference; lastKnownFileType = sourcecode.swift; path = DatePickerContentView.swift; sourceTree = "<group>"; };
		95461152295EE76400CCF534 /* UIView+PinnedSubview.swift */ = {isa = PBXFileReference; lastKnownFileType = sourcecode.swift; path = "UIView+PinnedSubview.swift"; sourceTree = "<group>"; };
		95461154295EF93D00CCF534 /* TextFieldContentView.swift */ = {isa = PBXFileReference; lastKnownFileType = sourcecode.swift; path = TextFieldContentView.swift; sourceTree = "<group>"; };
		95461156295EF9BB00CCF534 /* UIContentConfiguration+Stateless.swift */ = {isa = PBXFileReference; lastKnownFileType = sourcecode.swift; path = "UIContentConfiguration+Stateless.swift"; sourceTree = "<group>"; };
		95461158295EFC1400CCF534 /* TextViewContentView.swift */ = {isa = PBXFileReference; lastKnownFileType = sourcecode.swift; path = TextViewContentView.swift; sourceTree = "<group>"; };
		9546115A295F11B300CCF534 /* ru */ = {isa = PBXFileReference; lastKnownFileType = text.plist.strings; name = ru; path = ru.lproj/Main.strings; sourceTree = "<group>"; };
		9546115B295F11B300CCF534 /* ru */ = {isa = PBXFileReference; lastKnownFileType = text.plist.strings; name = ru; path = ru.lproj/LaunchScreen.strings; sourceTree = "<group>"; };
		9546115F295F173300CCF534 /* ru */ = {isa = PBXFileReference; lastKnownFileType = text.plist.strings; name = ru; path = ru.lproj/Localizable.strings; sourceTree = "<group>"; };
		95461161295F173800CCF534 /* en */ = {isa = PBXFileReference; lastKnownFileType = text.plist.strings; name = en; path = en.lproj/Localizable.strings; sourceTree = "<group>"; };
		9569A9EC2937C23E003CC009 /* Date+Today.swift */ = {isa = PBXFileReference; lastKnownFileType = sourcecode.swift; path = "Date+Today.swift"; sourceTree = "<group>"; };
		9569A9EF2937C9E3003CC009 /* ReminderListViewController+DataSource.swift */ = {isa = PBXFileReference; lastKnownFileType = sourcecode.swift; path = "ReminderListViewController+DataSource.swift"; sourceTree = "<group>"; };
		9573B490293FCCE900894821 /* ReminderDoneButton.swift */ = {isa = PBXFileReference; lastKnownFileType = sourcecode.swift; path = ReminderDoneButton.swift; sourceTree = "<group>"; };
		9573B492293FCDA200894821 /* ReminderListViewController+Actions.swift */ = {isa = PBXFileReference; lastKnownFileType = sourcecode.swift; path = "ReminderListViewController+Actions.swift"; sourceTree = "<group>"; };
		95A914122947A6E300AA7FE1 /* UIColor+Today.swift */ = {isa = PBXFileReference; lastKnownFileType = sourcecode.swift; path = "UIColor+Today.swift"; sourceTree = "<group>"; };
		95A914152947A74D00AA7FE1 /* ReminderViewController.swift */ = {isa = PBXFileReference; lastKnownFileType = sourcecode.swift; path = ReminderViewController.swift; sourceTree = "<group>"; };
		95A914172947A79900AA7FE1 /* ReminderViewController+Row.swift */ = {isa = PBXFileReference; lastKnownFileType = sourcecode.swift; path = "ReminderViewController+Row.swift"; sourceTree = "<group>"; };
		95B64D8F298C065800832C39 /* ReminderListStyle.swift */ = {isa = PBXFileReference; lastKnownFileType = sourcecode.swift; path = ReminderListStyle.swift; sourceTree = "<group>"; };
		95B64D91299170AB00832C39 /* ProgressHeaderView.swift */ = {isa = PBXFileReference; lastKnownFileType = sourcecode.swift; path = ProgressHeaderView.swift; sourceTree = "<group>"; };
		95B64D932992D86500832C39 /* CAGradientLayer+ListStyle.swift */ = {isa = PBXFileReference; lastKnownFileType = sourcecode.swift; path = "CAGradientLayer+ListStyle.swift"; sourceTree = "<group>"; };
		95B64D952992DFCA00832C39 /* TodayError.swift */ = {isa = PBXFileReference; lastKnownFileType = sourcecode.swift; path = TodayError.swift; sourceTree = "<group>"; };
		95B64D972992E06400832C39 /* EKEventStore+AsyncFetch.swift */ = {isa = PBXFileReference; lastKnownFileType = sourcecode.swift; path = "EKEventStore+AsyncFetch.swift"; sourceTree = "<group>"; };
		95B64D99299533AD00832C39 /* Reminder+EKReminder.swift */ = {isa = PBXFileReference; lastKnownFileType = sourcecode.swift; path = "Reminder+EKReminder.swift"; sourceTree = "<group>"; };
		95B64D9B2995355E00832C39 /* ReminderStore.swift */ = {isa = PBXFileReference; lastKnownFileType = sourcecode.swift; path = ReminderStore.swift; sourceTree = "<group>"; };
		95BE1A64294F092B001EA47C /* ReminderViewController+Section.swift */ = {isa = PBXFileReference; lastKnownFileType = sourcecode.swift; path = "ReminderViewController+Section.swift"; sourceTree = "<group>"; };
/* End PBXFileReference section */

/* Begin PBXFrameworksBuildPhase section */
		951689FD292D648D00008F1B /* Frameworks */ = {
			isa = PBXFrameworksBuildPhase;
			buildActionMask = 2147483647;
			files = (
			);
			runOnlyForDeploymentPostprocessing = 0;
		};
/* End PBXFrameworksBuildPhase section */

/* Begin PBXGroup section */
		951689F7292D648D00008F1B = {
			isa = PBXGroup;
			children = (
				95168A02292D648D00008F1B /* TodayTestAppUIKit */,
				95168A01292D648D00008F1B /* Products */,
			);
			sourceTree = "<group>";
		};
		95168A01292D648D00008F1B /* Products */ = {
			isa = PBXGroup;
			children = (
				95168A00292D648D00008F1B /* TodayTestAppUIKit.app */,
			);
			name = Products;
			sourceTree = "<group>";
		};
		95168A02292D648D00008F1B /* TodayTestAppUIKit */ = {
			isa = PBXGroup;
			children = (
				95168A18292D666200008F1B /* Models */,
				9546114F295EE60600CCF534 /* ContentViews */,
				95A914142947A72900AA7FE1 /* DetailViewController */,
				95168A05292D648D00008F1B /* SceneDelegate.swift */,
				95168A03292D648D00008F1B /* AppDelegate.swift */,
				9569A9EE2937C996003CC009 /* ListViewController */,
				95168A09292D648D00008F1B /* Main.storyboard */,
				95168A0C292D648F00008F1B /* Assets.xcassets */,
				95168A0E292D648F00008F1B /* LaunchScreen.storyboard */,
				95168A11292D648F00008F1B /* Info.plist */,
				95461160295F173300CCF534 /* Localizable.strings */,
			);
			path = TodayTestAppUIKit;
			sourceTree = "<group>";
		};
		95168A18292D666200008F1B /* Models */ = {
			isa = PBXGroup;
			children = (
				95168A19292D668E00008F1B /* Reminder.swift */,
				95B64D99299533AD00832C39 /* Reminder+EKReminder.swift */,
				95B64D9B2995355E00832C39 /* ReminderStore.swift */,
				95B64D952992DFCA00832C39 /* TodayError.swift */,
				95B64D972992E06400832C39 /* EKEventStore+AsyncFetch.swift */,
				95B64D932992D86500832C39 /* CAGradientLayer+ListStyle.swift */,
				95B64D8F298C065800832C39 /* ReminderListStyle.swift */,
				95A914122947A6E300AA7FE1 /* UIColor+Today.swift */,
				9569A9EC2937C23E003CC009 /* Date+Today.swift */,
			);
			path = Models;
			sourceTree = "<group>";
		};
		9546114F295EE60600CCF534 /* ContentViews */ = {
			isa = PBXGroup;
			children = (
				95461150295EE68600CCF534 /* DatePickerContentView.swift */,
				95461152295EE76400CCF534 /* UIView+PinnedSubview.swift */,
				95461154295EF93D00CCF534 /* TextFieldContentView.swift */,
				95461158295EFC1400CCF534 /* TextViewContentView.swift */,
				95461156295EF9BB00CCF534 /* UIContentConfiguration+Stateless.swift */,
			);
			path = ContentViews;
			sourceTree = "<group>";
		};
		9569A9EE2937C996003CC009 /* ListViewController */ = {
			isa = PBXGroup;
			children = (
				9573B490293FCCE900894821 /* ReminderDoneButton.swift */,
				95B64D91299170AB00832C39 /* ProgressHeaderView.swift */,
				95168A07292D648D00008F1B /* ReminderListViewController.swift */,
				9573B492293FCDA200894821 /* ReminderListViewController+Actions.swift */,
				9569A9EF2937C9E3003CC009 /* ReminderListViewController+DataSource.swift */,
			);
			path = ListViewController;
			sourceTree = "<group>";
		};
		95A914142947A72900AA7FE1 /* DetailViewController */ = {
			isa = PBXGroup;
			children = (
				95A914152947A74D00AA7FE1 /* ReminderViewController.swift */,
				9546114D295EE31600CCF534 /* ReminderViewController+CellConfiguration.swift */,
				95A914172947A79900AA7FE1 /* ReminderViewController+Row.swift */,
				95BE1A64294F092B001EA47C /* ReminderViewController+Section.swift */,
			);
			path = DetailViewController;
			sourceTree = "<group>";
		};
/* End PBXGroup section */

/* Begin PBXNativeTarget section */
		951689FF292D648D00008F1B /* TodayTestAppUIKit */ = {
			isa = PBXNativeTarget;
			buildConfigurationList = 95168A14292D648F00008F1B /* Build configuration list for PBXNativeTarget "TodayTestAppUIKit" */;
			buildPhases = (
				951689FC292D648D00008F1B /* Sources */,
				951689FD292D648D00008F1B /* Frameworks */,
				951689FE292D648D00008F1B /* Resources */,
			);
			buildRules = (
			);
			dependencies = (
			);
			name = TodayTestAppUIKit;
			productName = TodayTestAppUIKit;
			productReference = 95168A00292D648D00008F1B /* TodayTestAppUIKit.app */;
			productType = "com.apple.product-type.application";
		};
/* End PBXNativeTarget section */

/* Begin PBXProject section */
		951689F8292D648D00008F1B /* Project object */ = {
			isa = PBXProject;
			attributes = {
				BuildIndependentTargetsInParallel = 1;
				LastSwiftUpdateCheck = 1410;
				LastUpgradeCheck = 1410;
				TargetAttributes = {
					951689FF292D648D00008F1B = {
						CreatedOnToolsVersion = 14.1;
					};
				};
			};
			buildConfigurationList = 951689FB292D648D00008F1B /* Build configuration list for PBXProject "TodayTestAppUIKit" */;
			compatibilityVersion = "Xcode 14.0";
			developmentRegion = en;
			hasScannedForEncodings = 0;
			knownRegions = (
				en,
				Base,
				ru,
			);
			mainGroup = 951689F7292D648D00008F1B;
			productRefGroup = 95168A01292D648D00008F1B /* Products */;
			projectDirPath = "";
			projectRoot = "";
			targets = (
				951689FF292D648D00008F1B /* TodayTestAppUIKit */,
			);
		};
/* End PBXProject section */

/* Begin PBXResourcesBuildPhase section */
		951689FE292D648D00008F1B /* Resources */ = {
			isa = PBXResourcesBuildPhase;
			buildActionMask = 2147483647;
			files = (
				95168A10292D648F00008F1B /* LaunchScreen.storyboard in Resources */,
				9546115E295F173300CCF534 /* Localizable.strings in Resources */,
				95168A0D292D648F00008F1B /* Assets.xcassets in Resources */,
				95168A0B292D648D00008F1B /* Main.storyboard in Resources */,
			);
			runOnlyForDeploymentPostprocessing = 0;
		};
/* End PBXResourcesBuildPhase section */

/* Begin PBXSourcesBuildPhase section */
		951689FC292D648D00008F1B /* Sources */ = {
			isa = PBXSourcesBuildPhase;
			buildActionMask = 2147483647;
			files = (
				95B64D92299170AB00832C39 /* ProgressHeaderView.swift in Sources */,
				95BE1A65294F092B001EA47C /* ReminderViewController+Section.swift in Sources */,
				9573B493293FCDA200894821 /* ReminderListViewController+Actions.swift in Sources */,
				95168A08292D648D00008F1B /* ReminderListViewController.swift in Sources */,
				95A914162947A74D00AA7FE1 /* ReminderViewController.swift in Sources */,
				95461155295EF93D00CCF534 /* TextFieldContentView.swift in Sources */,
				95B64D962992DFCA00832C39 /* TodayError.swift in Sources */,
				9569A9ED2937C23E003CC009 /* Date+Today.swift in Sources */,
				95B64D90298C065800832C39 /* ReminderListStyle.swift in Sources */,
				95461159295EFC1400CCF534 /* TextViewContentView.swift in Sources */,
				95168A04292D648D00008F1B /* AppDelegate.swift in Sources */,
				95A914182947A79900AA7FE1 /* ReminderViewController+Row.swift in Sources */,
				95168A06292D648D00008F1B /* SceneDelegate.swift in Sources */,
				95A914132947A6E300AA7FE1 /* UIColor+Today.swift in Sources */,
				95461157295EF9BB00CCF534 /* UIContentConfiguration+Stateless.swift in Sources */,
				95461153295EE76400CCF534 /* UIView+PinnedSubview.swift in Sources */,
				9546114E295EE31600CCF534 /* ReminderViewController+CellConfiguration.swift in Sources */,
				95168A1A292D668E00008F1B /* Reminder.swift in Sources */,
				9573B491293FCCE900894821 /* ReminderDoneButton.swift in Sources */,
				95B64D9A299533AD00832C39 /* Reminder+EKReminder.swift in Sources */,
				95B64D982992E06400832C39 /* EKEventStore+AsyncFetch.swift in Sources */,
				95461151295EE68600CCF534 /* DatePickerContentView.swift in Sources */,
				95B64D942992D86500832C39 /* CAGradientLayer+ListStyle.swift in Sources */,
				9569A9F02937C9E3003CC009 /* ReminderListViewController+DataSource.swift in Sources */,
				95B64D9C2995355E00832C39 /* ReminderStore.swift in Sources */,
			);
			runOnlyForDeploymentPostprocessing = 0;
		};
/* End PBXSourcesBuildPhase section */

/* Begin PBXVariantGroup section */
		95168A09292D648D00008F1B /* Main.storyboard */ = {
			isa = PBXVariantGroup;
			children = (
				95168A0A292D648D00008F1B /* Base */,
				9546115A295F11B300CCF534 /* ru */,
			);
			name = Main.storyboard;
			sourceTree = "<group>";
		};
		95168A0E292D648F00008F1B /* LaunchScreen.storyboard */ = {
			isa = PBXVariantGroup;
			children = (
				95168A0F292D648F00008F1B /* Base */,
				9546115B295F11B300CCF534 /* ru */,
			);
			name = LaunchScreen.storyboard;
			sourceTree = "<group>";
		};
		95461160295F173300CCF534 /* Localizable.strings */ = {
			isa = PBXVariantGroup;
			children = (
				9546115F295F173300CCF534 /* ru */,
				95461161295F173800CCF534 /* en */,
			);
			name = Localizable.strings;
			sourceTree = "<group>";
		};
/* End PBXVariantGroup section */

/* Begin XCBuildConfiguration section */
		95168A12292D648F00008F1B /* Debug */ = {
			isa = XCBuildConfiguration;
			buildSettings = {
				ALWAYS_SEARCH_USER_PATHS = NO;
				CLANG_ANALYZER_LOCALIZABILITY_NONLOCALIZED = YES;
				CLANG_ANALYZER_NONNULL = YES;
				CLANG_ANALYZER_NUMBER_OBJECT_CONVERSION = YES_AGGRESSIVE;
				CLANG_CXX_LANGUAGE_STANDARD = "gnu++20";
				CLANG_ENABLE_MODULES = YES;
				CLANG_ENABLE_OBJC_ARC = YES;
				CLANG_ENABLE_OBJC_WEAK = YES;
				CLANG_WARN_BLOCK_CAPTURE_AUTORELEASING = YES;
				CLANG_WARN_BOOL_CONVERSION = YES;
				CLANG_WARN_COMMA = YES;
				CLANG_WARN_CONSTANT_CONVERSION = YES;
				CLANG_WARN_DEPRECATED_OBJC_IMPLEMENTATIONS = YES;
				CLANG_WARN_DIRECT_OBJC_ISA_USAGE = YES_ERROR;
				CLANG_WARN_DOCUMENTATION_COMMENTS = YES;
				CLANG_WARN_EMPTY_BODY = YES;
				CLANG_WARN_ENUM_CONVERSION = YES;
				CLANG_WARN_INFINITE_RECURSION = YES;
				CLANG_WARN_INT_CONVERSION = YES;
				CLANG_WARN_NON_LITERAL_NULL_CONVERSION = YES;
				CLANG_WARN_OBJC_IMPLICIT_RETAIN_SELF = YES;
				CLANG_WARN_OBJC_LITERAL_CONVERSION = YES;
				CLANG_WARN_OBJC_ROOT_CLASS = YES_ERROR;
				CLANG_WARN_QUOTED_INCLUDE_IN_FRAMEWORK_HEADER = YES;
				CLANG_WARN_RANGE_LOOP_ANALYSIS = YES;
				CLANG_WARN_STRICT_PROTOTYPES = YES;
				CLANG_WARN_SUSPICIOUS_MOVE = YES;
				CLANG_WARN_UNGUARDED_AVAILABILITY = YES_AGGRESSIVE;
				CLANG_WARN_UNREACHABLE_CODE = YES;
				CLANG_WARN__DUPLICATE_METHOD_MATCH = YES;
				COPY_PHASE_STRIP = NO;
				DEBUG_INFORMATION_FORMAT = dwarf;
				ENABLE_STRICT_OBJC_MSGSEND = YES;
				ENABLE_TESTABILITY = YES;
				GCC_C_LANGUAGE_STANDARD = gnu11;
				GCC_DYNAMIC_NO_PIC = NO;
				GCC_NO_COMMON_BLOCKS = YES;
				GCC_OPTIMIZATION_LEVEL = 0;
				GCC_PREPROCESSOR_DEFINITIONS = (
					"DEBUG=1",
					"$(inherited)",
				);
				GCC_WARN_64_TO_32_BIT_CONVERSION = YES;
				GCC_WARN_ABOUT_RETURN_TYPE = YES_ERROR;
				GCC_WARN_UNDECLARED_SELECTOR = YES;
				GCC_WARN_UNINITIALIZED_AUTOS = YES_AGGRESSIVE;
				GCC_WARN_UNUSED_FUNCTION = YES;
				GCC_WARN_UNUSED_VARIABLE = YES;
				IPHONEOS_DEPLOYMENT_TARGET = 16.1;
				MTL_ENABLE_DEBUG_INFO = INCLUDE_SOURCE;
				MTL_FAST_MATH = YES;
				ONLY_ACTIVE_ARCH = YES;
				SDKROOT = iphoneos;
				SWIFT_ACTIVE_COMPILATION_CONDITIONS = DEBUG;
				SWIFT_OPTIMIZATION_LEVEL = "-Onone";
			};
			name = Debug;
		};
		95168A13292D648F00008F1B /* Release */ = {
			isa = XCBuildConfiguration;
			buildSettings = {
				ALWAYS_SEARCH_USER_PATHS = NO;
				CLANG_ANALYZER_LOCALIZABILITY_NONLOCALIZED = YES;
				CLANG_ANALYZER_NONNULL = YES;
				CLANG_ANALYZER_NUMBER_OBJECT_CONVERSION = YES_AGGRESSIVE;
				CLANG_CXX_LANGUAGE_STANDARD = "gnu++20";
				CLANG_ENABLE_MODULES = YES;
				CLANG_ENABLE_OBJC_ARC = YES;
				CLANG_ENABLE_OBJC_WEAK = YES;
				CLANG_WARN_BLOCK_CAPTURE_AUTORELEASING = YES;
				CLANG_WARN_BOOL_CONVERSION = YES;
				CLANG_WARN_COMMA = YES;
				CLANG_WARN_CONSTANT_CONVERSION = YES;
				CLANG_WARN_DEPRECATED_OBJC_IMPLEMENTATIONS = YES;
				CLANG_WARN_DIRECT_OBJC_ISA_USAGE = YES_ERROR;
				CLANG_WARN_DOCUMENTATION_COMMENTS = YES;
				CLANG_WARN_EMPTY_BODY = YES;
				CLANG_WARN_ENUM_CONVERSION = YES;
				CLANG_WARN_INFINITE_RECURSION = YES;
				CLANG_WARN_INT_CONVERSION = YES;
				CLANG_WARN_NON_LITERAL_NULL_CONVERSION = YES;
				CLANG_WARN_OBJC_IMPLICIT_RETAIN_SELF = YES;
				CLANG_WARN_OBJC_LITERAL_CONVERSION = YES;
				CLANG_WARN_OBJC_ROOT_CLASS = YES_ERROR;
				CLANG_WARN_QUOTED_INCLUDE_IN_FRAMEWORK_HEADER = YES;
				CLANG_WARN_RANGE_LOOP_ANALYSIS = YES;
				CLANG_WARN_STRICT_PROTOTYPES = YES;
				CLANG_WARN_SUSPICIOUS_MOVE = YES;
				CLANG_WARN_UNGUARDED_AVAILABILITY = YES_AGGRESSIVE;
				CLANG_WARN_UNREACHABLE_CODE = YES;
				CLANG_WARN__DUPLICATE_METHOD_MATCH = YES;
				COPY_PHASE_STRIP = NO;
				DEBUG_INFORMATION_FORMAT = "dwarf-with-dsym";
				ENABLE_NS_ASSERTIONS = NO;
				ENABLE_STRICT_OBJC_MSGSEND = YES;
				GCC_C_LANGUAGE_STANDARD = gnu11;
				GCC_NO_COMMON_BLOCKS = YES;
				GCC_WARN_64_TO_32_BIT_CONVERSION = YES;
				GCC_WARN_ABOUT_RETURN_TYPE = YES_ERROR;
				GCC_WARN_UNDECLARED_SELECTOR = YES;
				GCC_WARN_UNINITIALIZED_AUTOS = YES_AGGRESSIVE;
				GCC_WARN_UNUSED_FUNCTION = YES;
				GCC_WARN_UNUSED_VARIABLE = YES;
				IPHONEOS_DEPLOYMENT_TARGET = 16.1;
				MTL_ENABLE_DEBUG_INFO = NO;
				MTL_FAST_MATH = YES;
				SDKROOT = iphoneos;
				SWIFT_COMPILATION_MODE = wholemodule;
				SWIFT_OPTIMIZATION_LEVEL = "-O";
				VALIDATE_PRODUCT = YES;
			};
			name = Release;
		};
		95168A15292D648F00008F1B /* Debug */ = {
			isa = XCBuildConfiguration;
			buildSettings = {
				ASSETCATALOG_COMPILER_APPICON_NAME = AppIcon;
				ASSETCATALOG_COMPILER_GLOBAL_ACCENT_COLOR_NAME = AccentColor;
				CODE_SIGN_STYLE = Automatic;
				CURRENT_PROJECT_VERSION = 1;
				DEVELOPMENT_TEAM = B6DXKZP464;
				GENERATE_INFOPLIST_FILE = YES;
				INFOPLIST_FILE = TodayTestAppUIKit/Info.plist;
				INFOPLIST_KEY_UIApplicationSupportsIndirectInputEvents = YES;
				INFOPLIST_KEY_UILaunchStoryboardName = LaunchScreen;
				INFOPLIST_KEY_UIMainStoryboardFile = Main;
				INFOPLIST_KEY_UIStatusBarStyle = "";
				INFOPLIST_KEY_UISupportedInterfaceOrientations_iPad = "UIInterfaceOrientationPortrait UIInterfaceOrientationPortraitUpsideDown UIInterfaceOrientationLandscapeLeft UIInterfaceOrientationLandscapeRight";
				INFOPLIST_KEY_UISupportedInterfaceOrientations_iPhone = "UIInterfaceOrientationPortrait UIInterfaceOrientationLandscapeLeft UIInterfaceOrientationLandscapeRight";
				IPHONEOS_DEPLOYMENT_TARGET = 15.0;
				LD_RUNPATH_SEARCH_PATHS = (
					"$(inherited)",
					"@executable_path/Frameworks",
				);
				MARKETING_VERSION = 1.0;
				PRODUCT_BUNDLE_IDENTIFIER = "Kir-Tarasko.TodayTestAppUIKit";
				PRODUCT_NAME = "$(TARGET_NAME)";
				SWIFT_EMIT_LOC_STRINGS = YES;
				SWIFT_VERSION = 5.0;
				TARGETED_DEVICE_FAMILY = "1,2";
			};
			name = Debug;
		};
		95168A16292D648F00008F1B /* Release */ = {
			isa = XCBuildConfiguration;
			buildSettings = {
				ASSETCATALOG_COMPILER_APPICON_NAME = AppIcon;
				ASSETCATALOG_COMPILER_GLOBAL_ACCENT_COLOR_NAME = AccentColor;
				CODE_SIGN_STYLE = Automatic;
				CURRENT_PROJECT_VERSION = 1;
				DEVELOPMENT_TEAM = B6DXKZP464;
				GENERATE_INFOPLIST_FILE = YES;
				INFOPLIST_FILE = TodayTestAppUIKit/Info.plist;
				INFOPLIST_KEY_UIApplicationSupportsIndirectInputEvents = YES;
				INFOPLIST_KEY_UILaunchStoryboardName = LaunchScreen;
				INFOPLIST_KEY_UIMainStoryboardFile = Main;
				INFOPLIST_KEY_UIStatusBarStyle = "";
				INFOPLIST_KEY_UISupportedInterfaceOrientations_iPad = "UIInterfaceOrientationPortrait UIInterfaceOrientationPortraitUpsideDown UIInterfaceOrientationLandscapeLeft UIInterfaceOrientationLandscapeRight";
				INFOPLIST_KEY_UISupportedInterfaceOrientations_iPhone = "UIInterfaceOrientationPortrait UIInterfaceOrientationLandscapeLeft UIInterfaceOrientationLandscapeRight";
				IPHONEOS_DEPLOYMENT_TARGET = 15.0;
				LD_RUNPATH_SEARCH_PATHS = (
					"$(inherited)",
					"@executable_path/Frameworks",
				);
				MARKETING_VERSION = 1.0;
				PRODUCT_BUNDLE_IDENTIFIER = "Kir-Tarasko.TodayTestAppUIKit";
				PRODUCT_NAME = "$(TARGET_NAME)";
				SWIFT_EMIT_LOC_STRINGS = YES;
				SWIFT_VERSION = 5.0;
				TARGETED_DEVICE_FAMILY = "1,2";
			};
			name = Release;
		};
/* End XCBuildConfiguration section */

/* Begin XCConfigurationList section */
		951689FB292D648D00008F1B /* Build configuration list for PBXProject "TodayTestAppUIKit" */ = {
			isa = XCConfigurationList;
			buildConfigurations = (
				95168A12292D648F00008F1B /* Debug */,
				95168A13292D648F00008F1B /* Release */,
			);
			defaultConfigurationIsVisible = 0;
			defaultConfigurationName = Release;
		};
		95168A14292D648F00008F1B /* Build configuration list for PBXNativeTarget "TodayTestAppUIKit" */ = {
			isa = XCConfigurationList;
			buildConfigurations = (
				95168A15292D648F00008F1B /* Debug */,
				95168A16292D648F00008F1B /* Release */,
			);
			defaultConfigurationIsVisible = 0;
			defaultConfigurationName = Release;
		};
/* End XCConfigurationList section */
	};
	rootObject = 951689F8292D648D00008F1B /* Project object */;
}
